
Microsoft Visual Studio Solution File, Format Version 12.00
# Visual Studio Version 16
VisualStudioVersion = 16.0.31702.278
MinimumVisualStudioVersion = 10.0.40219.1
Project("{FAE04EC0-301F-11D3-BF4B-00C04F79EFBC}") = "Lab5_WpfApp", "Lab5_WpfApp\Lab5_WpfApp.csproj", "{AF026357-A8B3-414E-AC7B-2CC59481C4F2}"
EndProject
Global
	GlobalSection(SolutionConfigurationPlatforms) = preSolution
		Debug|Any CPU = Debug|Any CPU
		Release|Any CPU = Release|Any CPU
	EndGlobalSection
	GlobalSection(ProjectConfigurationPlatforms) = postSolution
		{AF026357-A8B3-414E-AC7B-2CC59481C4F2}.Debug|Any CPU.ActiveCfg = Debug|Any CPU
		{AF026357-A8B3-414E-AC7B-2CC59481C4F2}.Debug|Any CPU.Build.0 = Debug|Any CPU
		{AF026357-A8B3-414E-AC7B-2CC59481C4F2}.Release|Any CPU.ActiveCfg = Release|Any CPU
		{AF026357-A8B3-414E-AC7B-2CC59481C4F2}.Release|Any CPU.Build.0 = Release|Any CPU
	EndGlobalSection
	GlobalSection(SolutionProperties) = preSolution
		HideSolutionNode = FALSE
	EndGlobalSection
	GlobalSection(ExtensibilityGlobals) = postSolution
		SolutionGuid = {302A6DF7-FF70-41FB-A4F7-F47B018051F2}
	EndGlobalSection
EndGlobal
